<?xml version="1.0" encoding="utf-8"?>
<Project ToolsVersion="4.0" xmlns="http://schemas.microsoft.com/developer/msbuild/2003">
  <ItemGroup>
    <Filter Include="QbertUI">
      <UniqueIdentifier>{073563c8-53d1-4168-b6cc-b184131c5a7a}</UniqueIdentifier>
    </Filter>
  </ItemGroup>
  <ItemGroup>
    <ClInclude Include="Engine.h" />
    <ClInclude Include="Scene.h" />
    <ClInclude Include="Entity.h" />
    <ClInclude Include="Components.h" />
    <ClInclude Include="Gui.h">
      <Filter>QbertUI</Filter>
    </ClInclude>
    <ClInclude Include="QApplication.h">
      <Filter>QbertUI</Filter>
    </ClInclude>
    <ClInclude Include="QWindow.h">
      <Filter>QbertUI</Filter>
    </ClInclude>
    <ClInclude Include="QWidget.h">
      <Filter>QbertUI</Filter>
    </ClInclude>
    <ClInclude Include="QText.h">
      <Filter>QbertUI</Filter>
    </ClInclude>
    <ClInclude Include="QButton.h">
      <Filter>QbertUI</Filter>
    </ClInclude>
    <ClInclude Include="UITestInterface.h">
      <Filter>QbertUI</Filter>
    </ClInclude>
    <ClInclude Include="QLinearLayout.h">
      <Filter>QbertUI</Filter>
    </ClInclude>
  </ItemGroup>
  <ItemGroup>
    <ClCompile Include="Engine.cpp" />
    <ClCompile Include="Scene.cpp" />
    <ClCompile Include="Gui.cpp">
      <Filter>QbertUI</Filter>
    </ClCompile>
    <ClCompile Include="QApplication.cpp">
      <Filter>QbertUI</Filter>
    </ClCompile>
    <ClCompile Include="QWindow.cpp">
      <Filter>QbertUI</Filter>
    </ClCompile>
    <ClCompile Include="QWidget.cpp">
      <Filter>QbertUI</Filter>
    </ClCompile>
    <ClCompile Include="QText.cpp">
      <Filter>QbertUI</Filter>
    </ClCompile>
    <ClCompile Include="QButton.cpp">
      <Filter>QbertUI</Filter>
    </ClCompile>
    <ClCompile Include="QLinearLayout.cpp">
      <Filter>QbertUI</Filter>
    </ClCompile>
  </ItemGroup>
</Project>