<?xml version="1.0" encoding="utf-8"?>
<Project ToolsVersion="4.0" xmlns="http://schemas.microsoft.com/developer/msbuild/2003">
  <ItemGroup>
    <ClCompile Include="TestMain.cpp" />
    <ClCompile Include="MinimalMsgHandler.cpp">
      <Filter>EngineTest</Filter>
    </ClCompile>
    <ClCompile Include="Test_App.cpp">
      <Filter>EngineTest</Filter>
    </ClCompile>
  </ItemGroup>
  <ItemGroup>
    <ClInclude Include="MinimalMsgHandler.h">
      <Filter>EngineTest</Filter>
    </ClInclude>
    <ClInclude Include="Test_App.h">
      <Filter>EngineTest</Filter>
    </ClInclude>
    <ClInclude Include="Test_Math.h">
      <Filter>CoreTest</Filter>
    </ClInclude>
    <ClInclude Include="Test_Util.h">
      <Filter>CoreTest</Filter>
    </ClInclude>
  </ItemGroup>
  <ItemGroup>
    <Filter Include="EngineTest">
      <UniqueIdentifier>{e76c4ee1-819e-4737-b795-35cfe7f9f57c}</UniqueIdentifier>
    </Filter>
    <Filter Include="CoreTest">
      <UniqueIdentifier>{5f74a349-76e7-487f-8414-288aadbe3bfb}</UniqueIdentifier>
    </Filter>
  </ItemGroup>
</Project>